// !$*UTF8*$!
{
	archiveVersion = 1;
	classes = {
	};
	objectVersion = 55;
	objects = {

/* Begin PBXBuildFile section */
		91A190E7287B3E6000D8E993 /* asdApp.swift in Sources */ = {isa = PBXBuildFile; fileRef = 91A190E6287B3E6000D8E993 /* asdApp.swift */; };
		91A190E9287B3E6000D8E993 /* ContentView.swift in Sources */ = {isa = PBXBuildFile; fileRef = 91A190E8287B3E6000D8E993 /* ContentView.swift */; };
		91A190EB287B3E6300D8E993 /* Assets.xcassets in Resources */ = {isa = PBXBuildFile; fileRef = 91A190EA287B3E6300D8E993 /* Assets.xcassets */; };
		91A190EE287B3E6300D8E993 /* Preview Assets.xcassets in Resources */ = {isa = PBXBuildFile; fileRef = 91A190ED287B3E6300D8E993 /* Preview Assets.xcassets */; };
		91A190F8287B3E6300D8E993 /* asdTests.swift in Sources */ = {isa = PBXBuildFile; fileRef = 91A190F7287B3E6300D8E993 /* asdTests.swift */; };
		91A19102287B3E6300D8E993 /* asdUITests.swift in Sources */ = {isa = PBXBuildFile; fileRef = 91A19101287B3E6300D8E993 /* asdUITests.swift */; };
		91A19104287B3E6300D8E993 /* asdUITestsLaunchTests.swift in Sources */ = {isa = PBXBuildFile; fileRef = 91A19103287B3E6300D8E993 /* asdUITestsLaunchTests.swift */; };
/* End PBXBuildFile section */

/* Begin PBXContainerItemProxy section */
		91A190F4287B3E6300D8E993 /* PBXContainerItemProxy */ = {
			isa = PBXContainerItemProxy;
			containerPortal = 91A190DB287B3E6000D8E993 /* Project object */;
			proxyType = 1;
			remoteGlobalIDString = 91A190E2287B3E6000D8E993;
			remoteInfo = asd;
		};
		91A190FE287B3E6300D8E993 /* PBXContainerItemProxy */ = {
			isa = PBXContainerItemProxy;
			containerPortal = 91A190DB287B3E6000D8E993 /* Project object */;
			proxyType = 1;
			remoteGlobalIDString = 91A190E2287B3E6000D8E993;
			remoteInfo = asd;
		};
/* End PBXContainerItemProxy section */

/* Begin PBXFileReference section */
		91A190E3287B3E6000D8E993 /* asd.app */ = {isa = PBXFileReference; explicitFileType = wrapper.application; includeInIndex = 0; path = asd.app; sourceTree = BUILT_PRODUCTS_DIR; };
		91A190E6287B3E6000D8E993 /* asdApp.swift */ = {isa = PBXFileReference; lastKnownFileType = sourcecode.swift; path = asdApp.swift; sourceTree = "<group>"; };
		91A190E8287B3E6000D8E993 /* ContentView.swift */ = {isa = PBXFileReference; lastKnownFileType = sourcecode.swift; path = ContentView.swift; sourceTree = "<group>"; };
		91A190EA287B3E6300D8E993 /* Assets.xcassets */ = {isa = PBXFileReference; lastKnownFileType = folder.assetcatalog; path = Assets.xcassets; sourceTree = "<group>"; };
		91A190ED287B3E6300D8E993 /* Preview Assets.xcassets */ = {isa = PBXFileReference; lastKnownFileType = folder.assetcatalog; path = "Preview Assets.xcassets"; sourceTree = "<group>"; };
		91A190F3287B3E6300D8E993 /* asdTests.xctest */ = {isa = PBXFileReference; explicitFileType = wrapper.cfbundle; includeInIndex = 0; path = asdTests.xctest; sourceTree = BUILT_PRODUCTS_DIR; };
		91A190F7287B3E6300D8E993 /* asdTests.swift */ = {isa = PBXFileReference; lastKnownFileType = sourcecode.swift; path = asdTests.swift; sourceTree = "<group>"; };
		91A190FD287B3E6300D8E993 /* asdUITests.xctest */ = {isa = PBXFileReference; explicitFileType = wrapper.cfbundle; includeInIndex = 0; path = asdUITests.xctest; sourceTree = BUILT_PRODUCTS_DIR; };
		91A19101287B3E6300D8E993 /* asdUITests.swift */ = {isa = PBXFileReference; lastKnownFileType = sourcecode.swift; path = asdUITests.swift; sourceTree = "<group>"; };
		91A19103287B3E6300D8E993 /* asdUITestsLaunchTests.swift */ = {isa = PBXFileReference; lastKnownFileType = sourcecode.swift; path = asdUITestsLaunchTests.swift; sourceTree = "<group>"; };
/* End PBXFileReference section */

/* Begin PBXFrameworksBuildPhase section */
		91A190E0287B3E6000D8E993 /* Frameworks */ = {
			isa = PBXFrameworksBuildPhase;
			buildActionMask = 2147483647;
			files = (
			);
			runOnlyForDeploymentPostprocessing = 0;
		};
		91A190F0287B3E6300D8E993 /* Frameworks */ = {
			isa = PBXFrameworksBuildPhase;
			buildActionMask = 2147483647;
			files = (
			);
			runOnlyForDeploymentPostprocessing = 0;
		};
		91A190FA287B3E6300D8E993 /* Frameworks */ = {
			isa = PBXFrameworksBuildPhase;
			buildActionMask = 2147483647;
			files = (
			);
			runOnlyForDeploymentPostprocessing = 0;
		};
/* End PBXFrameworksBuildPhase section */

/* Begin PBXGroup section */
		91A190DA287B3E6000D8E993 = {
			isa = PBXGroup;
			children = (
				91A190E5287B3E6000D8E993 /* asd */,
				91A190F6287B3E6300D8E993 /* asdTests */,
				91A19100287B3E6300D8E993 /* asdUITests */,
				91A190E4287B3E6000D8E993 /* Products */,
			);
			sourceTree = "<group>";
		};
		91A190E4287B3E6000D8E993 /* Products */ = {
			isa = PBXGroup;
			children = (
				91A190E3287B3E6000D8E993 /* asd.app */,
				91A190F3287B3E6300D8E993 /* asdTests.xctest */,
				91A190FD287B3E6300D8E993 /* asdUITests.xctest */,
			);
			name = Products;
			sourceTree = "<group>";
		};
		91A190E5287B3E6000D8E993 /* asd */ = {
			isa = PBXGroup;
			children = (
				91A190E6287B3E6000D8E993 /* asdApp.swift */,
				91A190E8287B3E6000D8E993 /* ContentView.swift */,
				91A190EA287B3E6300D8E993 /* Assets.xcassets */,
				91A190EC287B3E6300D8E993 /* Preview Content */,
			);
			path = asd;
			sourceTree = "<group>";
		};
		91A190EC287B3E6300D8E993 /* Preview Content */ = {
			isa = PBXGroup;
			children = (
				91A190ED287B3E6300D8E993 /* Preview Assets.xcassets */,
			);
			path = "Preview Content";
			sourceTree = "<group>";
		};
		91A190F6287B3E6300D8E993 /* asdTests */ = {
			isa = PBXGroup;
			children = (
				91A190F7287B3E6300D8E993 /* asdTests.swift */,
			);
			path = asdTests;
			sourceTree = "<group>";
		};
		91A19100287B3E6300D8E993 /* asdUITests */ = {
			isa = PBXGroup;
			children = (
				91A19101287B3E6300D8E993 /* asdUITests.swift */,
				91A19103287B3E6300D8E993 /* asdUITestsLaunchTests.swift */,
			);
			path = asdUITests;
			sourceTree = "<group>";
		};
/* End PBXGroup section */

/* Begin PBXNativeTarget section */
		91A190E2287B3E6000D8E993 /* asd */ = {
			isa = PBXNativeTarget;
			buildConfigurationList = 91A19107287B3E6300D8E993 /* Build configuration list for PBXNativeTarget "asd" */;
			buildPhases = (
				91A190DF287B3E6000D8E993 /* Sources */,
				91A190E0287B3E6000D8E993 /* Frameworks */,
				91A190E1287B3E6000D8E993 /* Resources */,
			);
			buildRules = (
			);
			dependencies = (
			);
			name = asd;
			productName = asd;
			productReference = 91A190E3287B3E6000D8E993 /* asd.app */;
			productType = "com.apple.product-type.application";
		};
		91A190F2287B3E6300D8E993 /* asdTests */ = {
			isa = PBXNativeTarget;
			buildConfigurationList = 91A1910A287B3E6300D8E993 /* Build configuration list for PBXNativeTarget "asdTests" */;
			buildPhases = (
				91A190EF287B3E6300D8E993 /* Sources */,
				91A190F0287B3E6300D8E993 /* Frameworks */,
				91A190F1287B3E6300D8E993 /* Resources */,
			);
			buildRules = (
			);
			dependencies = (
				91A190F5287B3E6300D8E993 /* PBXTargetDependency */,
			);
			name = asdTests;
			productName = asdTests;
			productReference = 91A190F3287B3E6300D8E993 /* asdTests.xctest */;
			productType = "com.apple.product-type.bundle.unit-test";
		};
		91A190FC287B3E6300D8E993 /* asdUITests */ = {
			isa = PBXNativeTarget;
			buildConfigurationList = 91A1910D287B3E6300D8E993 /* Build configuration list for PBXNativeTarget "asdUITests" */;
			buildPhases = (
				91A190F9287B3E6300D8E993 /* Sources */,
				91A190FA287B3E6300D8E993 /* Frameworks */,
				91A190FB287B3E6300D8E993 /* Resources */,
			);
			buildRules = (
			);
			dependencies = (
				91A190FF287B3E6300D8E993 /* PBXTargetDependency */,
			);
			name = asdUITests;
			productName = asdUITests;
			productReference = 91A190FD287B3E6300D8E993 /* asdUITests.xctest */;
			productType = "com.apple.product-type.bundle.ui-testing";
		};
/* End PBXNativeTarget section */

/* Begin PBXProject section */
		91A190DB287B3E6000D8E993 /* Project object */ = {
			isa = PBXProject;
			attributes = {
				BuildIndependentTargetsInParallel = 1;
				LastSwiftUpdateCheck = 1340;
				LastUpgradeCheck = 1340;
				TargetAttributes = {
					91A190E2287B3E6000D8E993 = {
						CreatedOnToolsVersion = 13.4.1;
					};
					91A190F2287B3E6300D8E993 = {
						CreatedOnToolsVersion = 13.4.1;
						TestTargetID = 91A190E2287B3E6000D8E993;
					};
					91A190FC287B3E6300D8E993 = {
						CreatedOnToolsVersion = 13.4.1;
						TestTargetID = 91A190E2287B3E6000D8E993;
					};
				};
			};
			buildConfigurationList = 91A190DE287B3E6000D8E993 /* Build configuration list for PBXProject "asd" */;
			compatibilityVersion = "Xcode 13.0";
			developmentRegion = en;
			hasScannedForEncodings = 0;
			knownRegions = (
				en,
				Base,
			);
			mainGroup = 91A190DA287B3E6000D8E993;
			productRefGroup = 91A190E4287B3E6000D8E993 /* Products */;
			projectDirPath = "";
			projectRoot = "";
			targets = (
				91A190E2287B3E6000D8E993 /* asd */,
				91A190F2287B3E6300D8E993 /* asdTests */,
				91A190FC287B3E6300D8E993 /* asdUITests */,
			);
		};
/* End PBXProject section */

/* Begin PBXResourcesBuildPhase section */
		91A190E1287B3E6000D8E993 /* Resources */ = {
			isa = PBXResourcesBuildPhase;
			buildActionMask = 2147483647;
			files = (
				91A190EE287B3E6300D8E993 /* Preview Assets.xcassets in Resources */,
				91A190EB287B3E6300D8E993 /* Assets.xcassets in Resources */,
			);
			runOnlyForDeploymentPostprocessing = 0;
		};
		91A190F1287B3E6300D8E993 /* Resources */ = {
			isa = PBXResourcesBuildPhase;
			buildActionMask = 2147483647;
			files = (
			);
			runOnlyForDeploymentPostprocessing = 0;
		};
		91A190FB287B3E6300D8E993 /* Resources */ = {
			isa = PBXResourcesBuildPhase;
			buildActionMask = 2147483647;
			files = (
			);
			runOnlyForDeploymentPostprocessing = 0;
		};
/* End PBXResourcesBuildPhase section */

/* Begin PBXSourcesBuildPhase section */
		91A190DF287B3E6000D8E993 /* Sources */ = {
			isa = PBXSourcesBuildPhase;
			buildActionMask = 2147483647;
			files = (
				91A190E9287B3E6000D8E993 /* ContentView.swift in Sources */,
				91A190E7287B3E6000D8E993 /* asdApp.swift in Sources */,
			);
			runOnlyForDeploymentPostprocessing = 0;
		};
		91A190EF287B3E6300D8E993 /* Sources */ = {
			isa = PBXSourcesBuildPhase;
			buildActionMask = 2147483647;
			files = (
				91A190F8287B3E6300D8E993 /* asdTests.swift in Sources */,
			);
			runOnlyForDeploymentPostprocessing = 0;
		};
		91A190F9287B3E6300D8E993 /* Sources */ = {
			isa = PBXSourcesBuildPhase;
			buildActionMask = 2147483647;
			files = (
				91A19102287B3E6300D8E993 /* asdUITests.swift in Sources */,
				91A19104287B3E6300D8E993 /* asdUITestsLaunchTests.swift in Sources */,
			);
			runOnlyForDeploymentPostprocessing = 0;
		};
/* End PBXSourcesBuildPhase section */

/* Begin PBXTargetDependency section */
		91A190F5287B3E6300D8E993 /* PBXTargetDependency */ = {
			isa = PBXTargetDependency;
			target = 91A190E2287B3E6000D8E993 /* asd */;
			targetProxy = 91A190F4287B3E6300D8E993 /* PBXContainerItemProxy */;
		};
		91A190FF287B3E6300D8E993 /* PBXTargetDependency */ = {
			isa = PBXTargetDependency;
			target = 91A190E2287B3E6000D8E993 /* asd */;
			targetProxy = 91A190FE287B3E6300D8E993 /* PBXContainerItemProxy */;
		};
/* End PBXTargetDependency section */

/* Begin XCBuildConfiguration section */
		91A19105287B3E6300D8E993 /* Debug */ = {
			isa = XCBuildConfiguration;
			buildSettings = {
				ALWAYS_SEARCH_USER_PATHS = NO;
				CLANG_ANALYZER_NONNULL = YES;
				CLANG_ANALYZER_NUMBER_OBJECT_CONVERSION = YES_AGGRESSIVE;
				CLANG_CXX_LANGUAGE_STANDARD = "gnu++17";
				CLANG_ENABLE_MODULES = YES;
				CLANG_ENABLE_OBJC_ARC = YES;
				CLANG_ENABLE_OBJC_WEAK = YES;
				CLANG_WARN_BLOCK_CAPTURE_AUTORELEASING = YES;
				CLANG_WARN_BOOL_CONVERSION = YES;
				CLANG_WARN_COMMA = YES;
				CLANG_WARN_CONSTANT_CONVERSION = YES;
				CLANG_WARN_DEPRECATED_OBJC_IMPLEMENTATIONS = YES;
				CLANG_WARN_DIRECT_OBJC_ISA_USAGE = YES_ERROR;
				CLANG_WARN_DOCUMENTATION_COMMENTS = YES;
				CLANG_WARN_EMPTY_BODY = YES;
				CLANG_WARN_ENUM_CONVERSION = YES;
				CLANG_WARN_INFINITE_RECURSION = YES;
				CLANG_WARN_INT_CONVERSION = YES;
				CLANG_WARN_NON_LITERAL_NULL_CONVERSION = YES;
				CLANG_WARN_OBJC_IMPLICIT_RETAIN_SELF = YES;
				CLANG_WARN_OBJC_LITERAL_CONVERSION = YES;
				CLANG_WARN_OBJC_ROOT_CLASS = YES_ERROR;
				CLANG_WARN_QUOTED_INCLUDE_IN_FRAMEWORK_HEADER = YES;
				CLANG_WARN_RANGE_LOOP_ANALYSIS = YES;
				CLANG_WARN_STRICT_PROTOTYPES = YES;
				CLANG_WARN_SUSPICIOUS_MOVE = YES;
				CLANG_WARN_UNGUARDED_AVAILABILITY = YES_AGGRESSIVE;
				CLANG_WARN_UNREACHABLE_CODE = YES;
				CLANG_WARN__DUPLICATE_METHOD_MATCH = YES;
				COPY_PHASE_STRIP = NO;
				DEBUG_INFORMATION_FORMAT = dwarf;
				ENABLE_STRICT_OBJC_MSGSEND = YES;
				ENABLE_TESTABILITY = YES;
				GCC_C_LANGUAGE_STANDARD = gnu11;
				GCC_DYNAMIC_NO_PIC = NO;
				GCC_NO_COMMON_BLOCKS = YES;
				GCC_OPTIMIZATION_LEVEL = 0;
				GCC_PREPROCESSOR_DEFINITIONS = (
					"DEBUG=1",
					"$(inherited)",
				);
				GCC_WARN_64_TO_32_BIT_CONVERSION = YES;
				GCC_WARN_ABOUT_RETURN_TYPE = YES_ERROR;
				GCC_WARN_UNDECLARED_SELECTOR = YES;
				GCC_WARN_UNINITIALIZED_AUTOS = YES_AGGRESSIVE;
				GCC_WARN_UNUSED_FUNCTION = YES;
				GCC_WARN_UNUSED_VARIABLE = YES;
				IPHONEOS_DEPLOYMENT_TARGET = 15.5;
				MTL_ENABLE_DEBUG_INFO = INCLUDE_SOURCE;
				MTL_FAST_MATH = YES;
				ONLY_ACTIVE_ARCH = YES;
				SDKROOT = iphoneos;
				SWIFT_ACTIVE_COMPILATION_CONDITIONS = DEBUG;
				SWIFT_OPTIMIZATION_LEVEL = "-Onone";
			};
			name = Debug;
		};
		91A19106287B3E6300D8E993 /* Release */ = {
			isa = XCBuildConfiguration;
			buildSettings = {
				ALWAYS_SEARCH_USER_PATHS = NO;
				CLANG_ANALYZER_NONNULL = YES;
				CLANG_ANALYZER_NUMBER_OBJECT_CONVERSION = YES_AGGRESSIVE;
				CLANG_CXX_LANGUAGE_STANDARD = "gnu++17";
				CLANG_ENABLE_MODULES = YES;
				CLANG_ENABLE_OBJC_ARC = YES;
				CLANG_ENABLE_OBJC_WEAK = YES;
				CLANG_WARN_BLOCK_CAPTURE_AUTORELEASING = YES;
				CLANG_WARN_BOOL_CONVERSION = YES;
				CLANG_WARN_COMMA = YES;
				CLANG_WARN_CONSTANT_CONVERSION = YES;
				CLANG_WARN_DEPRECATED_OBJC_IMPLEMENTATIONS = YES;
				CLANG_WARN_DIRECT_OBJC_ISA_USAGE = YES_ERROR;
				CLANG_WARN_DOCUMENTATION_COMMENTS = YES;
				CLANG_WARN_EMPTY_BODY = YES;
				CLANG_WARN_ENUM_CONVERSION = YES;
				CLANG_WARN_INFINITE_RECURSION = YES;
				CLANG_WARN_INT_CONVERSION = YES;
				CLANG_WARN_NON_LITERAL_NULL_CONVERSION = YES;
				CLANG_WARN_OBJC_IMPLICIT_RETAIN_SELF = YES;
				CLANG_WARN_OBJC_LITERAL_CONVERSION = YES;
				CLANG_WARN_OBJC_ROOT_CLASS = YES_ERROR;
				CLANG_WARN_QUOTED_INCLUDE_IN_FRAMEWORK_HEADER = YES;
				CLANG_WARN_RANGE_LOOP_ANALYSIS = YES;
				CLANG_WARN_STRICT_PROTOTYPES = YES;
				CLANG_WARN_SUSPICIOUS_MOVE = YES;
				CLANG_WARN_UNGUARDED_AVAILABILITY = YES_AGGRESSIVE;
				CLANG_WARN_UNREACHABLE_CODE = YES;
				CLANG_WARN__DUPLICATE_METHOD_MATCH = YES;
				COPY_PHASE_STRIP = NO;
				DEBUG_INFORMATION_FORMAT = "dwarf-with-dsym";
				ENABLE_NS_ASSERTIONS = NO;
				ENABLE_STRICT_OBJC_MSGSEND = YES;
				GCC_C_LANGUAGE_STANDARD = gnu11;
				GCC_NO_COMMON_BLOCKS = YES;
				GCC_WARN_64_TO_32_BIT_CONVERSION = YES;
				GCC_WARN_ABOUT_RETURN_TYPE = YES_ERROR;
				GCC_WARN_UNDECLARED_SELECTOR = YES;
				GCC_WARN_UNINITIALIZED_AUTOS = YES_AGGRESSIVE;
				GCC_WARN_UNUSED_FUNCTION = YES;
				GCC_WARN_UNUSED_VARIABLE = YES;
				IPHONEOS_DEPLOYMENT_TARGET = 15.5;
				MTL_ENABLE_DEBUG_INFO = NO;
				MTL_FAST_MATH = YES;
				SDKROOT = iphoneos;
				SWIFT_COMPILATION_MODE = wholemodule;
				SWIFT_OPTIMIZATION_LEVEL = "-O";
				VALIDATE_PRODUCT = YES;
			};
			name = Release;
		};
		91A19108287B3E6300D8E993 /* Debug */ = {
			isa = XCBuildConfiguration;
			buildSettings = {
				ASSETCATALOG_COMPILER_APPICON_NAME = AppIcon;
				ASSETCATALOG_COMPILER_GLOBAL_ACCENT_COLOR_NAME = AccentColor;
				CODE_SIGN_STYLE = Automatic;
				CURRENT_PROJECT_VERSION = 1;
				DEVELOPMENT_ASSET_PATHS = "\"asd/Preview Content\"";
				ENABLE_PREVIEWS = YES;
				GENERATE_INFOPLIST_FILE = YES;
				INFOPLIST_KEY_UIApplicationSceneManifest_Generation = YES;
				INFOPLIST_KEY_UIApplicationSupportsIndirectInputEvents = YES;
				INFOPLIST_KEY_UILaunchScreen_Generation = YES;
				INFOPLIST_KEY_UISupportedInterfaceOrientations_iPad = "UIInterfaceOrientationPortrait UIInterfaceOrientationPortraitUpsideDown UIInterfaceOrientationLandscapeLeft UIInterfaceOrientationLandscapeRight";
				INFOPLIST_KEY_UISupportedInterfaceOrientations_iPhone = "UIInterfaceOrientationPortrait UIInterfaceOrientationLandscapeLeft UIInterfaceOrientationLandscapeRight";
				LD_RUNPATH_SEARCH_PATHS = (
					"$(inherited)",
					"@executable_path/Frameworks",
				);
				MARKETING_VERSION = 1.0;
				PRODUCT_BUNDLE_IDENTIFIER = lkcsdvdProductions.asd;
				PRODUCT_NAME = "$(TARGET_NAME)";
				SWIFT_EMIT_LOC_STRINGS = YES;
				SWIFT_VERSION = 5.0;
				TARGETED_DEVICE_FAMILY = "1,2";
			};
			name = Debug;
		};
		91A19109287B3E6300D8E993 /* Release */ = {
			isa = XCBuildConfiguration;
			buildSettings = {
				ASSETCATALOG_COMPILER_APPICON_NAME = AppIcon;
				ASSETCATALOG_COMPILER_GLOBAL_ACCENT_COLOR_NAME = AccentColor;
				CODE_SIGN_STYLE = Automatic;
				CURRENT_PROJECT_VERSION = 1;
				DEVELOPMENT_ASSET_PATHS = "\"asd/Preview Content\"";
				ENABLE_PREVIEWS = YES;
				GENERATE_INFOPLIST_FILE = YES;
				INFOPLIST_KEY_UIApplicationSceneManifest_Generation = YES;
				INFOPLIST_KEY_UIApplicationSupportsIndirectInputEvents = YES;
				INFOPLIST_KEY_UILaunchScreen_Generation = YES;
				INFOPLIST_KEY_UISupportedInterfaceOrientations_iPad = "UIInterfaceOrientationPortrait UIInterfaceOrientationPortraitUpsideDown UIInterfaceOrientationLandscapeLeft UIInterfaceOrientationLandscapeRight";
				INFOPLIST_KEY_UISupportedInterfaceOrientations_iPhone = "UIInterfaceOrientationPortrait UIInterfaceOrientationLandscapeLeft UIInterfaceOrientationLandscapeRight";
				LD_RUNPATH_SEARCH_PATHS = (
					"$(inherited)",
					"@executable_path/Frameworks",
				);
				MARKETING_VERSION = 1.0;
				PRODUCT_BUNDLE_IDENTIFIER = lkcsdvdProductions.asd;
				PRODUCT_NAME = "$(TARGET_NAME)";
				SWIFT_EMIT_LOC_STRINGS = YES;
				SWIFT_VERSION = 5.0;
				TARGETED_DEVICE_FAMILY = "1,2";
			};
			name = Release;
		};
		91A1910B287B3E6300D8E993 /* Debug */ = {
			isa = XCBuildConfiguration;
			buildSettings = {
				ALWAYS_EMBED_SWIFT_STANDARD_LIBRARIES = YES;
				BUNDLE_LOADER = "$(TEST_HOST)";
				CODE_SIGN_STYLE = Automatic;
				CURRENT_PROJECT_VERSION = 1;
				GENERATE_INFOPLIST_FILE = YES;
				IPHONEOS_DEPLOYMENT_TARGET = 15.5;
				MARKETING_VERSION = 1.0;
				PRODUCT_BUNDLE_IDENTIFIER = lkcsdvdProductions.asdTests;
				PRODUCT_NAME = "$(TARGET_NAME)";
				SWIFT_EMIT_LOC_STRINGS = NO;
				SWIFT_VERSION = 5.0;
				TARGETED_DEVICE_FAMILY = "1,2";
				TEST_HOST = "$(BUILT_PRODUCTS_DIR)/asd.app/asd";
			};
			name = Debug;
		};
		91A1910C287B3E6300D8E993 /* Release */ = {
			isa = XCBuildConfiguration;
			buildSettings = {
				ALWAYS_EMBED_SWIFT_STANDARD_LIBRARIES = YES;
				BUNDLE_LOADER = "$(TEST_HOST)";
				CODE_SIGN_STYLE = Automatic;
				CURRENT_PROJECT_VERSION = 1;
				GENERATE_INFOPLIST_FILE = YES;
				IPHONEOS_DEPLOYMENT_TARGET = 15.5;
				MARKETING_VERSION = 1.0;
				PRODUCT_BUNDLE_IDENTIFIER = lkcsdvdProductions.asdTests;
				PRODUCT_NAME = "$(TARGET_NAME)";
				SWIFT_EMIT_LOC_STRINGS = NO;
				SWIFT_VERSION = 5.0;
				TARGETED_DEVICE_FAMILY = "1,2";
				TEST_HOST = "$(BUILT_PRODUCTS_DIR)/asd.app/asd";
			};
			name = Release;
		};
		91A1910E287B3E6300D8E993 /* Debug */ = {
			isa = XCBuildConfiguration;
			buildSettings = {
				ALWAYS_EMBED_SWIFT_STANDARD_LIBRARIES = YES;
				CODE_SIGN_STYLE = Automatic;
				CURRENT_PROJECT_VERSION = 1;
				GENERATE_INFOPLIST_FILE = YES;
				MARKETING_VERSION = 1.0;
				PRODUCT_BUNDLE_IDENTIFIER = lkcsdvdProductions.asdUITests;
				PRODUCT_NAME = "$(TARGET_NAME)";
				SWIFT_EMIT_LOC_STRINGS = NO;
				SWIFT_VERSION = 5.0;
				TARGETED_DEVICE_FAMILY = "1,2";
				TEST_TARGET_NAME = asd;
			};
			name = Debug;
		};
		91A1910F287B3E6300D8E993 /* Release */ = {
			isa = XCBuildConfiguration;
			buildSettings = {
				ALWAYS_EMBED_SWIFT_STANDARD_LIBRARIES = YES;
				CODE_SIGN_STYLE = Automatic;
				CURRENT_PROJECT_VERSION = 1;
				GENERATE_INFOPLIST_FILE = YES;
				MARKETING_VERSION = 1.0;
				PRODUCT_BUNDLE_IDENTIFIER = lkcsdvdProductions.asdUITests;
				PRODUCT_NAME = "$(TARGET_NAME)";
				SWIFT_EMIT_LOC_STRINGS = NO;
				SWIFT_VERSION = 5.0;
				TARGETED_DEVICE_FAMILY = "1,2";
				TEST_TARGET_NAME = asd;
			};
			name = Release;
		};
/* End XCBuildConfiguration section */

/* Begin XCConfigurationList section */
		91A190DE287B3E6000D8E993 /* Build configuration list for PBXProject "asd" */ = {
			isa = XCConfigurationList;
			buildConfigurations = (
				91A19105287B3E6300D8E993 /* Debug */,
				91A19106287B3E6300D8E993 /* Release */,
			);
			defaultConfigurationIsVisible = 0;
			defaultConfigurationName = Release;
		};
		91A19107287B3E6300D8E993 /* Build configuration list for PBXNativeTarget "asd" */ = {
			isa = XCConfigurationList;
			buildConfigurations = (
				91A19108287B3E6300D8E993 /* Debug */,
				91A19109287B3E6300D8E993 /* Release */,
			);
			defaultConfigurationIsVisible = 0;
			defaultConfigurationName = Release;
		};
		91A1910A287B3E6300D8E993 /* Build configuration list for PBXNativeTarget "asdTests" */ = {
			isa = XCConfigurationList;
			buildConfigurations = (
				91A1910B287B3E6300D8E993 /* Debug */,
				91A1910C287B3E6300D8E993 /* Release */,
			);
			defaultConfigurationIsVisible = 0;
			defaultConfigurationName = Release;
		};
		91A1910D287B3E6300D8E993 /* Build configuration list for PBXNativeTarget "asdUITests" */ = {
			isa = XCConfigurationList;
			buildConfigurations = (
				91A1910E287B3E6300D8E993 /* Debug */,
				91A1910F287B3E6300D8E993 /* Release */,
			);
			defaultConfigurationIsVisible = 0;
			defaultConfigurationName = Release;
		};
/* End XCConfigurationList section */
	};
	rootObject = 91A190DB287B3E6000D8E993 /* Project object */;
}
